hash: 1ca15d8bd6a71d8b3f40bdb5a2311a3126eced7a7a08e8719c5f226d4a1b0267
updated: 2016-12-28T21:42:33.233866112+01:00
imports:
- name: github.com/advanderveer/chunker
  version: 70d715ffd2c382f3d01788a601e828758aa79888
- name: github.com/apex/go-apex
  version: 7614cf53cdd0ad152f4e38a471c08b23e0678513
- name: github.com/cheggaaa/pb
  version: d7e6ca3010b6f084d8056847f55d7f572f180678
- name: github.com/smartystreets/go-aws-auth
  version: 2043e6d0bb7e4c18464a7bba562acbe482e3cabd
testImports:
- name: github.com/restic/chunker
  version: bb2ecf9a98e35a0b336ffc23fc515fb6e7961577
